
Microsoft Visual Studio Solution File, Format Version 12.00
# Visual Studio Version 17
VisualStudioVersion = 17.5.002.0
MinimumVisualStudioVersion = 10.0.40219.1
Project("{9A19103F-16F7-4668-BE54-9A1E7A4F7556}") = "DesafioFundamentos", "DesafioFundamentos\DesafioFundamentos.csproj", "{EB40EC46-5488-476B-AEA2-087A43FDF533}"
EndProject
Project("{FAE04EC0-301F-11D3-BF4B-00C04F79EFBC}") = "DesafioFundamentosTestes", "DesafioFundamentosTestes\DesafioFundamentosTestes.csproj", "{4100D929-8272-4EEB-857B-7F9704EB0BC3}"
EndProject
Global
	GlobalSection(SolutionConfigurationPlatforms) = preSolution
		Debug|Any CPU = Debug|Any CPU
		Release|Any CPU = Release|Any CPU
	EndGlobalSection
	GlobalSection(ProjectConfigurationPlatforms) = postSolution
		{EB40EC46-5488-476B-AEA2-087A43FDF533}.Debug|Any CPU.ActiveCfg = Debug|Any CPU
		{EB40EC46-5488-476B-AEA2-087A43FDF533}.Debug|Any CPU.Build.0 = Debug|Any CPU
		{EB40EC46-5488-476B-AEA2-087A43FDF533}.Release|Any CPU.ActiveCfg = Release|Any CPU
		{EB40EC46-5488-476B-AEA2-087A43FDF533}.Release|Any CPU.Build.0 = Release|Any CPU
		{4100D929-8272-4EEB-857B-7F9704EB0BC3}.Debug|Any CPU.ActiveCfg = Debug|Any CPU
		{4100D929-8272-4EEB-857B-7F9704EB0BC3}.Debug|Any CPU.Build.0 = Debug|Any CPU
		{4100D929-8272-4EEB-857B-7F9704EB0BC3}.Release|Any CPU.ActiveCfg = Release|Any CPU
		{4100D929-8272-4EEB-857B-7F9704EB0BC3}.Release|Any CPU.Build.0 = Release|Any CPU
	EndGlobalSection
	GlobalSection(SolutionProperties) = preSolution
		HideSolutionNode = FALSE
	EndGlobalSection
	GlobalSection(ExtensibilityGlobals) = postSolution
		SolutionGuid = {F31008B8-EAE7-4A2E-B191-BF1CF6556EA1}
	EndGlobalSection
EndGlobal
